
Microsoft Visual Studio Solution File, Format Version 12.00
# Visual Studio 15
Project("{FAE04EC0-301F-11D3-BF4B-00C04F79EFBC}") = "R_3project_1016.Plugins", "R_3project_1016.Plugins.csproj", "{D0C4B896-D9C3-5BCF-0A01-22A1B4DBE4B9}"
EndProject
Project("{FAE04EC0-301F-11D3-BF4B-00C04F79EFBC}") = "R_3project_1016", "R_3project_1016.csproj", "{2B0160EE-2744-B9CB-229D-2CE81056E801}"
EndProject
Project("{FAE04EC0-301F-11D3-BF4B-00C04F79EFBC}") = "R_3project_1016.Editor.Plugins", "R_3project_1016.Editor.Plugins.csproj", "{AB47449B-9AC0-19F7-759C-2842141B73C2}"
EndProject
Project("{FAE04EC0-301F-11D3-BF4B-00C04F79EFBC}") = "R_3project_1016.Editor", "R_3project_1016.Editor.csproj", "{F026674F-A07B-61D2-E431-C35B17ABA3E5}"
EndProject
Global
	GlobalSection(SolutionConfigurationPlatforms) = preSolution
		Debug|Any CPU = Debug|Any CPU
		Release|Any CPU = Release|Any CPU
	EndGlobalSection
	GlobalSection(ProjectConfigurationPlatforms) = postSolution
		{D0C4B896-D9C3-5BCF-0A01-22A1B4DBE4B9}.Debug|Any CPU.ActiveCfg = Debug|Any CPU
		{D0C4B896-D9C3-5BCF-0A01-22A1B4DBE4B9}.Debug|Any CPU.Build.0 = Debug|Any CPU
		{D0C4B896-D9C3-5BCF-0A01-22A1B4DBE4B9}.Release|Any CPU.ActiveCfg = Release|Any CPU
		{D0C4B896-D9C3-5BCF-0A01-22A1B4DBE4B9}.Release|Any CPU.Build.0 = Release|Any CPU
		{2B0160EE-2744-B9CB-229D-2CE81056E801}.Debug|Any CPU.ActiveCfg = Debug|Any CPU
		{2B0160EE-2744-B9CB-229D-2CE81056E801}.Debug|Any CPU.Build.0 = Debug|Any CPU
		{2B0160EE-2744-B9CB-229D-2CE81056E801}.Release|Any CPU.ActiveCfg = Release|Any CPU
		{2B0160EE-2744-B9CB-229D-2CE81056E801}.Release|Any CPU.Build.0 = Release|Any CPU
		{AB47449B-9AC0-19F7-759C-2842141B73C2}.Debug|Any CPU.ActiveCfg = Debug|Any CPU
		{AB47449B-9AC0-19F7-759C-2842141B73C2}.Debug|Any CPU.Build.0 = Debug|Any CPU
		{AB47449B-9AC0-19F7-759C-2842141B73C2}.Release|Any CPU.ActiveCfg = Release|Any CPU
		{AB47449B-9AC0-19F7-759C-2842141B73C2}.Release|Any CPU.Build.0 = Release|Any CPU
		{F026674F-A07B-61D2-E431-C35B17ABA3E5}.Debug|Any CPU.ActiveCfg = Debug|Any CPU
		{F026674F-A07B-61D2-E431-C35B17ABA3E5}.Debug|Any CPU.Build.0 = Debug|Any CPU
		{F026674F-A07B-61D2-E431-C35B17ABA3E5}.Release|Any CPU.ActiveCfg = Release|Any CPU
		{F026674F-A07B-61D2-E431-C35B17ABA3E5}.Release|Any CPU.Build.0 = Release|Any CPU
	EndGlobalSection
	GlobalSection(SolutionProperties) = preSolution
		HideSolutionNode = FALSE
	EndGlobalSection
EndGlobal
