
Microsoft Visual Studio Solution File, Format Version 12.00
# Visual Studio 15
Project("{FAE04EC0-301F-11D3-BF4B-00C04F79EFBC}") = "SteamVR", "SteamVR.csproj", "{E1F43532-B483-0CB1-ABEE-6267F3B758EF}"
EndProject
Project("{FAE04EC0-301F-11D3-BF4B-00C04F79EFBC}") = "Assembly-CSharp", "Assembly-CSharp.csproj", "{3020C43A-F8C6-70CF-3BC5-FBCF1D5BDDC5}"
EndProject
Project("{FAE04EC0-301F-11D3-BF4B-00C04F79EFBC}") = "SteamVR_Actions0", "SteamVR_Actions0.csproj", "{D895605B-20CC-6B56-288A-E1E9CD96C5C0}"
EndProject
Project("{FAE04EC0-301F-11D3-BF4B-00C04F79EFBC}") = "SteamVR_Actions", "SteamVR_Actions.csproj", "{05C71232-0878-E2E2-9A1C-42F9E5AE2C42}"
EndProject
Project("{FAE04EC0-301F-11D3-BF4B-00C04F79EFBC}") = "SteamVR_Editor", "SteamVR_Editor.csproj", "{12F4B2CC-D911-7A26-C8FD-A3F45D615962}"
EndProject
Project("{FAE04EC0-301F-11D3-BF4B-00C04F79EFBC}") = "Assembly-CSharp-Editor", "Assembly-CSharp-Editor.csproj", "{C96FECAA-CCD2-F92F-FF23-E5EC1579C9AB}"
EndProject
Project("{FAE04EC0-301F-11D3-BF4B-00C04F79EFBC}") = "SteamVR_Input_Editor", "SteamVR_Input_Editor.csproj", "{79AEFD5D-A962-DE19-DAD0-45FCA947EB8F}"
EndProject
Project("{FAE04EC0-301F-11D3-BF4B-00C04F79EFBC}") = "SteamVR_Windows_EditorHelper", "SteamVR_Windows_EditorHelper.csproj", "{97BF0F0E-573C-D2C0-D0CD-B91342822AD0}"
EndProject
Global
	GlobalSection(SolutionConfigurationPlatforms) = preSolution
		Debug|Any CPU = Debug|Any CPU
		Release|Any CPU = Release|Any CPU
	EndGlobalSection
	GlobalSection(ProjectConfigurationPlatforms) = postSolution
		{E1F43532-B483-0CB1-ABEE-6267F3B758EF}.Debug|Any CPU.ActiveCfg = Debug|Any CPU
		{E1F43532-B483-0CB1-ABEE-6267F3B758EF}.Debug|Any CPU.Build.0 = Debug|Any CPU
		{E1F43532-B483-0CB1-ABEE-6267F3B758EF}.Release|Any CPU.ActiveCfg = Release|Any CPU
		{E1F43532-B483-0CB1-ABEE-6267F3B758EF}.Release|Any CPU.Build.0 = Release|Any CPU
		{3020C43A-F8C6-70CF-3BC5-FBCF1D5BDDC5}.Debug|Any CPU.ActiveCfg = Debug|Any CPU
		{3020C43A-F8C6-70CF-3BC5-FBCF1D5BDDC5}.Debug|Any CPU.Build.0 = Debug|Any CPU
		{3020C43A-F8C6-70CF-3BC5-FBCF1D5BDDC5}.Release|Any CPU.ActiveCfg = Release|Any CPU
		{3020C43A-F8C6-70CF-3BC5-FBCF1D5BDDC5}.Release|Any CPU.Build.0 = Release|Any CPU
		{D895605B-20CC-6B56-288A-E1E9CD96C5C0}.Debug|Any CPU.ActiveCfg = Debug|Any CPU
		{D895605B-20CC-6B56-288A-E1E9CD96C5C0}.Debug|Any CPU.Build.0 = Debug|Any CPU
		{D895605B-20CC-6B56-288A-E1E9CD96C5C0}.Release|Any CPU.ActiveCfg = Release|Any CPU
		{D895605B-20CC-6B56-288A-E1E9CD96C5C0}.Release|Any CPU.Build.0 = Release|Any CPU
		{05C71232-0878-E2E2-9A1C-42F9E5AE2C42}.Debug|Any CPU.ActiveCfg = Debug|Any CPU
		{05C71232-0878-E2E2-9A1C-42F9E5AE2C42}.Debug|Any CPU.Build.0 = Debug|Any CPU
		{05C71232-0878-E2E2-9A1C-42F9E5AE2C42}.Release|Any CPU.ActiveCfg = Release|Any CPU
		{05C71232-0878-E2E2-9A1C-42F9E5AE2C42}.Release|Any CPU.Build.0 = Release|Any CPU
		{12F4B2CC-D911-7A26-C8FD-A3F45D615962}.Debug|Any CPU.ActiveCfg = Debug|Any CPU
		{12F4B2CC-D911-7A26-C8FD-A3F45D615962}.Debug|Any CPU.Build.0 = Debug|Any CPU
		{12F4B2CC-D911-7A26-C8FD-A3F45D615962}.Release|Any CPU.ActiveCfg = Release|Any CPU
		{12F4B2CC-D911-7A26-C8FD-A3F45D615962}.Release|Any CPU.Build.0 = Release|Any CPU
		{C96FECAA-CCD2-F92F-FF23-E5EC1579C9AB}.Debug|Any CPU.ActiveCfg = Debug|Any CPU
		{C96FECAA-CCD2-F92F-FF23-E5EC1579C9AB}.Debug|Any CPU.Build.0 = Debug|Any CPU
		{C96FECAA-CCD2-F92F-FF23-E5EC1579C9AB}.Release|Any CPU.ActiveCfg = Release|Any CPU
		{C96FECAA-CCD2-F92F-FF23-E5EC1579C9AB}.Release|Any CPU.Build.0 = Release|Any CPU
		{79AEFD5D-A962-DE19-DAD0-45FCA947EB8F}.Debug|Any CPU.ActiveCfg = Debug|Any CPU
		{79AEFD5D-A962-DE19-DAD0-45FCA947EB8F}.Debug|Any CPU.Build.0 = Debug|Any CPU
		{79AEFD5D-A962-DE19-DAD0-45FCA947EB8F}.Release|Any CPU.ActiveCfg = Release|Any CPU
		{79AEFD5D-A962-DE19-DAD0-45FCA947EB8F}.Release|Any CPU.Build.0 = Release|Any CPU
		{97BF0F0E-573C-D2C0-D0CD-B91342822AD0}.Debug|Any CPU.ActiveCfg = Debug|Any CPU
		{97BF0F0E-573C-D2C0-D0CD-B91342822AD0}.Debug|Any CPU.Build.0 = Debug|Any CPU
		{97BF0F0E-573C-D2C0-D0CD-B91342822AD0}.Release|Any CPU.ActiveCfg = Release|Any CPU
		{97BF0F0E-573C-D2C0-D0CD-B91342822AD0}.Release|Any CPU.Build.0 = Release|Any CPU
	EndGlobalSection
	GlobalSection(SolutionProperties) = preSolution
		HideSolutionNode = FALSE
	EndGlobalSection
EndGlobal
